
Microsoft Visual Studio Solution File, Format Version 12.00
# Visual Studio 2012
Project("{8BC9CEB8-8B4A-11D0-8D11-00A0C91BC942}") = "pro67", "pro67\pro67.vcxproj", "{A77D2A97-8138-4BB8-8545-FE4148761967}"
EndProject
Global
	GlobalSection(SolutionConfigurationPlatforms) = preSolution
		Debug|Win32 = Debug|Win32
		Release|Win32 = Release|Win32
	EndGlobalSection
	GlobalSection(ProjectConfigurationPlatforms) = postSolution
		{A77D2A97-8138-4BB8-8545-FE4148761967}.Debug|Win32.ActiveCfg = Debug|Win32
		{A77D2A97-8138-4BB8-8545-FE4148761967}.Debug|Win32.Build.0 = Debug|Win32
		{A77D2A97-8138-4BB8-8545-FE4148761967}.Debug|Win32.Deploy.0 = Debug|Win32
		{A77D2A97-8138-4BB8-8545-FE4148761967}.Release|Win32.ActiveCfg = Release|Win32
		{A77D2A97-8138-4BB8-8545-FE4148761967}.Release|Win32.Build.0 = Release|Win32
		{A77D2A97-8138-4BB8-8545-FE4148761967}.Release|Win32.Deploy.0 = Release|Win32
	EndGlobalSection
	GlobalSection(SolutionProperties) = preSolution
		HideSolutionNode = FALSE
	EndGlobalSection
EndGlobal
