
Microsoft Visual Studio Solution File, Format Version 12.00
# Visual Studio 2012
Project("{8BC9CEB8-8B4A-11D0-8D11-00A0C91BC942}") = "pro64", "pro64\pro64.vcxproj", "{1C69E2D5-A820-42BD-867E-B9DFC28FBF29}"
EndProject
Global
	GlobalSection(SolutionConfigurationPlatforms) = preSolution
		Debug|Win32 = Debug|Win32
		Release|Win32 = Release|Win32
	EndGlobalSection
	GlobalSection(ProjectConfigurationPlatforms) = postSolution
		{1C69E2D5-A820-42BD-867E-B9DFC28FBF29}.Debug|Win32.ActiveCfg = Debug|Win32
		{1C69E2D5-A820-42BD-867E-B9DFC28FBF29}.Debug|Win32.Build.0 = Debug|Win32
		{1C69E2D5-A820-42BD-867E-B9DFC28FBF29}.Debug|Win32.Deploy.0 = Debug|Win32
		{1C69E2D5-A820-42BD-867E-B9DFC28FBF29}.Release|Win32.ActiveCfg = Release|Win32
		{1C69E2D5-A820-42BD-867E-B9DFC28FBF29}.Release|Win32.Build.0 = Release|Win32
		{1C69E2D5-A820-42BD-867E-B9DFC28FBF29}.Release|Win32.Deploy.0 = Release|Win32
	EndGlobalSection
	GlobalSection(SolutionProperties) = preSolution
		HideSolutionNode = FALSE
	EndGlobalSection
EndGlobal
